
Microsoft Visual Studio Solution File, Format Version 12.00
# Visual Studio Version 16
VisualStudioVersion = 16.0.34601.136
MinimumVisualStudioVersion = 10.0.40219.1
Project("{8BC9CEB8-8B4A-11D0-8D11-00A0C91BC942}") = "OgnjenNikodijevicCoursework", "OgnjenNikodijevicCoursework\OgnjenNikodijevicCoursework.vcxproj", "{87ABD803-CEEA-4E4A-BE50-E1501DB56976}"
EndProject
Global
	GlobalSection(SolutionConfigurationPlatforms) = preSolution
		Debug|x64 = Debug|x64
		Debug|x86 = Debug|x86
		Release|x64 = Release|x64
		Release|x86 = Release|x86
	EndGlobalSection
	GlobalSection(ProjectConfigurationPlatforms) = postSolution
		{87ABD803-CEEA-4E4A-BE50-E1501DB56976}.Debug|x64.ActiveCfg = Debug|x64
		{87ABD803-CEEA-4E4A-BE50-E1501DB56976}.Debug|x64.Build.0 = Debug|x64
		{87ABD803-CEEA-4E4A-BE50-E1501DB56976}.Debug|x86.ActiveCfg = Debug|Win32
		{87ABD803-CEEA-4E4A-BE50-E1501DB56976}.Debug|x86.Build.0 = Debug|Win32
		{87ABD803-CEEA-4E4A-BE50-E1501DB56976}.Release|x64.ActiveCfg = Release|x64
		{87ABD803-CEEA-4E4A-BE50-E1501DB56976}.Release|x64.Build.0 = Release|x64
		{87ABD803-CEEA-4E4A-BE50-E1501DB56976}.Release|x86.ActiveCfg = Release|Win32
		{87ABD803-CEEA-4E4A-BE50-E1501DB56976}.Release|x86.Build.0 = Release|Win32
	EndGlobalSection
	GlobalSection(SolutionProperties) = preSolution
		HideSolutionNode = FALSE
	EndGlobalSection
	GlobalSection(ExtensibilityGlobals) = postSolution
		SolutionGuid = {4DD3AB94-542A-40B2-963D-AB8152D48708}
	EndGlobalSection
EndGlobal
